
Microsoft Visual Studio Solution File, Format Version 12.00
# Visual Studio Version 17
VisualStudioVersion = 17.7.34009.444
MinimumVisualStudioVersion = 10.0.40219.1
Project("{FAE04EC0-301F-11D3-BF4B-00C04F79EFBC}") = "FirstWebApi", "FirstWebApi.csproj", "{90538332-D05B-4913-BD8F-3F2FD040B342}"
EndProject
Global
	GlobalSection(SolutionConfigurationPlatforms) = preSolution
		Debug|Any CPU = Debug|Any CPU
		Release|Any CPU = Release|Any CPU
	EndGlobalSection
	GlobalSection(ProjectConfigurationPlatforms) = postSolution
		{90538332-D05B-4913-BD8F-3F2FD040B342}.Debug|Any CPU.ActiveCfg = Debug|Any CPU
		{90538332-D05B-4913-BD8F-3F2FD040B342}.Debug|Any CPU.Build.0 = Debug|Any CPU
		{90538332-D05B-4913-BD8F-3F2FD040B342}.Release|Any CPU.ActiveCfg = Release|Any CPU
		{90538332-D05B-4913-BD8F-3F2FD040B342}.Release|Any CPU.Build.0 = Release|Any CPU
	EndGlobalSection
	GlobalSection(SolutionProperties) = preSolution
		HideSolutionNode = FALSE
	EndGlobalSection
	GlobalSection(ExtensibilityGlobals) = postSolution
		SolutionGuid = {AB8E59C8-4573-4566-A2F3-FAD83CF27F66}
	EndGlobalSection
EndGlobal
